
Microsoft Visual Studio Solution File, Format Version 12.00
# Visual Studio Version 17
VisualStudioVersion = 17.4.33213.308
MinimumVisualStudioVersion = 10.0.40219.1
Project("{FAE04EC0-301F-11D3-BF4B-00C04F79EFBC}") = "E_movie", "E_movie.csproj", "{53F24B98-727C-4300-8AB0-A5F3C2553332}"
EndProject
Global
	GlobalSection(SolutionConfigurationPlatforms) = preSolution
		Debug|Any CPU = Debug|Any CPU
		Release|Any CPU = Release|Any CPU
	EndGlobalSection
	GlobalSection(ProjectConfigurationPlatforms) = postSolution
		{53F24B98-727C-4300-8AB0-A5F3C2553332}.Debug|Any CPU.ActiveCfg = Debug|Any CPU
		{53F24B98-727C-4300-8AB0-A5F3C2553332}.Debug|Any CPU.Build.0 = Debug|Any CPU
		{53F24B98-727C-4300-8AB0-A5F3C2553332}.Release|Any CPU.ActiveCfg = Release|Any CPU
		{53F24B98-727C-4300-8AB0-A5F3C2553332}.Release|Any CPU.Build.0 = Release|Any CPU
	EndGlobalSection
	GlobalSection(SolutionProperties) = preSolution
		HideSolutionNode = FALSE
	EndGlobalSection
	GlobalSection(ExtensibilityGlobals) = postSolution
		SolutionGuid = {D6A8436D-B4C2-4A1A-B6CF-E29A1D0CCE9B}
	EndGlobalSection
EndGlobal
